name: 'Lock threads'

on:
  workflow_dispatch:
  schedule:
    - cron: '0 0 * * *'

jobs:
  lock:
    runs-on: ubuntu-latest
    permissions:
      issues: write
      pull-requests: write
      discussions: write
    steps:
      - uses: dessant/lock-threads@v5
        with:
          github-token: ${{ github.token }}
          issue-inactive-days: 30
          issue-comment: >
            This issue has been automatically locked due to inactivity.<br>
            Please file a new issue if you are encountering a similar or related problem.<br><br>
            <sub>_This action has been performed automatically by a bot._</sub>
          issue-lock-reason: ''
          pr-inactive-days: 30
          pr-comment: >
            This PR has been automatically locked due to inactivity.<br>
            Please file a new issue if you are encountering a similar or related problem.<br><br>
            <sub>_This action has been performed automatically by a bot._</sub>
          pr-lock-reason: ''
